// !$*UTF8*$!
{
	archiveVersion = 1;
	classes = {
	};
	objectVersion = 50;
	objects = {

/* Begin PBXBuildFile section */
		E82F174622A9BEF900625405 /* AppDelegate.swift in Sources */ = {isa = PBXBuildFile; fileRef = E82F174522A9BEF900625405 /* AppDelegate.swift */; };
		E82F174822A9BEF900625405 /* ViewController.swift in Sources */ = {isa = PBXBuildFile; fileRef = E82F174722A9BEF900625405 /* ViewController.swift */; };
		E82F174B22A9BEF900625405 /* Main.storyboard in Resources */ = {isa = PBXBuildFile; fileRef = E82F174922A9BEF900625405 /* Main.storyboard */; };
		E82F174D22A9BF0300625405 /* Assets.xcassets in Resources */ = {isa = PBXBuildFile; fileRef = E82F174C22A9BF0300625405 /* Assets.xcassets */; };
		E82F175022A9BF0300625405 /* LaunchScreen.storyboard in Resources */ = {isa = PBXBuildFile; fileRef = E82F174E22A9BF0300625405 /* LaunchScreen.storyboard */; };
		E82F175B22A9BF0300625405 /* WednesdayMyDudesTests.swift in Sources */ = {isa = PBXBuildFile; fileRef = E82F175A22A9BF0300625405 /* WednesdayMyDudesTests.swift */; };
		E82F176622A9BF0300625405 /* WednesdayMyDudesUITests.swift in Sources */ = {isa = PBXBuildFile; fileRef = E82F176522A9BF0300625405 /* WednesdayMyDudesUITests.swift */; };
		E82F177422A9E2EF00625405 /* UIImage+Gif.swift in Sources */ = {isa = PBXBuildFile; fileRef = E82F177322A9E2EF00625405 /* UIImage+Gif.swift */; };
/* End PBXBuildFile section */

/* Begin PBXContainerItemProxy section */
		E82F175722A9BF0300625405 /* PBXContainerItemProxy */ = {
			isa = PBXContainerItemProxy;
			containerPortal = E82F173A22A9BEF800625405 /* Project object */;
			proxyType = 1;
			remoteGlobalIDString = E82F174122A9BEF900625405;
			remoteInfo = WednesdayMyDudes;
		};
		E82F176222A9BF0300625405 /* PBXContainerItemProxy */ = {
			isa = PBXContainerItemProxy;
			containerPortal = E82F173A22A9BEF800625405 /* Project object */;
			proxyType = 1;
			remoteGlobalIDString = E82F174122A9BEF900625405;
			remoteInfo = WednesdayMyDudes;
		};
/* End PBXContainerItemProxy section */

/* Begin PBXFileReference section */
		E82F174222A9BEF900625405 /* WednesdayMyDudes.app */ = {isa = PBXFileReference; explicitFileType = wrapper.application; includeInIndex = 0; path = WednesdayMyDudes.app; sourceTree = BUILT_PRODUCTS_DIR; };
		E82F174522A9BEF900625405 /* AppDelegate.swift */ = {isa = PBXFileReference; lastKnownFileType = sourcecode.swift; path = AppDelegate.swift; sourceTree = "<group>"; };
		E82F174722A9BEF900625405 /* ViewController.swift */ = {isa = PBXFileReference; lastKnownFileType = sourcecode.swift; path = ViewController.swift; sourceTree = "<group>"; };
		E82F174A22A9BEF900625405 /* Base */ = {isa = PBXFileReference; lastKnownFileType = file.storyboard; name = Base; path = Base.lproj/Main.storyboard; sourceTree = "<group>"; };
		E82F174C22A9BF0300625405 /* Assets.xcassets */ = {isa = PBXFileReference; lastKnownFileType = folder.assetcatalog; path = Assets.xcassets; sourceTree = "<group>"; };
		E82F174F22A9BF0300625405 /* Base */ = {isa = PBXFileReference; lastKnownFileType = file.storyboard; name = Base; path = Base.lproj/LaunchScreen.storyboard; sourceTree = "<group>"; };
		E82F175122A9BF0300625405 /* Info.plist */ = {isa = PBXFileReference; lastKnownFileType = text.plist.xml; path = Info.plist; sourceTree = "<group>"; };
		E82F175622A9BF0300625405 /* WednesdayMyDudesTests.xctest */ = {isa = PBXFileReference; explicitFileType = wrapper.cfbundle; includeInIndex = 0; path = WednesdayMyDudesTests.xctest; sourceTree = BUILT_PRODUCTS_DIR; };
		E82F175A22A9BF0300625405 /* WednesdayMyDudesTests.swift */ = {isa = PBXFileReference; lastKnownFileType = sourcecode.swift; path = WednesdayMyDudesTests.swift; sourceTree = "<group>"; };
		E82F175C22A9BF0300625405 /* Info.plist */ = {isa = PBXFileReference; lastKnownFileType = text.plist.xml; path = Info.plist; sourceTree = "<group>"; };
		E82F176122A9BF0300625405 /* WednesdayMyDudesUITests.xctest */ = {isa = PBXFileReference; explicitFileType = wrapper.cfbundle; includeInIndex = 0; path = WednesdayMyDudesUITests.xctest; sourceTree = BUILT_PRODUCTS_DIR; };
		E82F176522A9BF0300625405 /* WednesdayMyDudesUITests.swift */ = {isa = PBXFileReference; lastKnownFileType = sourcecode.swift; path = WednesdayMyDudesUITests.swift; sourceTree = "<group>"; };
		E82F176722A9BF0300625405 /* Info.plist */ = {isa = PBXFileReference; lastKnownFileType = text.plist.xml; path = Info.plist; sourceTree = "<group>"; };
		E82F177322A9E2EF00625405 /* UIImage+Gif.swift */ = {isa = PBXFileReference; lastKnownFileType = sourcecode.swift; path = "UIImage+Gif.swift"; sourceTree = "<group>"; };
/* End PBXFileReference section */

/* Begin PBXFrameworksBuildPhase section */
		E82F173F22A9BEF900625405 /* Frameworks */ = {
			isa = PBXFrameworksBuildPhase;
			buildActionMask = 2147483647;
			files = (
			);
			runOnlyForDeploymentPostprocessing = 0;
		};
		E82F175322A9BF0300625405 /* Frameworks */ = {
			isa = PBXFrameworksBuildPhase;
			buildActionMask = 2147483647;
			files = (
			);
			runOnlyForDeploymentPostprocessing = 0;
		};
		E82F175E22A9BF0300625405 /* Frameworks */ = {
			isa = PBXFrameworksBuildPhase;
			buildActionMask = 2147483647;
			files = (
			);
			runOnlyForDeploymentPostprocessing = 0;
		};
/* End PBXFrameworksBuildPhase section */

/* Begin PBXGroup section */
		E82F173922A9BEF800625405 = {
			isa = PBXGroup;
			children = (
				E82F174422A9BEF900625405 /* WednesdayMyDudes */,
				E82F175922A9BF0300625405 /* WednesdayMyDudesTests */,
				E82F176422A9BF0300625405 /* WednesdayMyDudesUITests */,
				E82F174322A9BEF900625405 /* Products */,
			);
			sourceTree = "<group>";
		};
		E82F174322A9BEF900625405 /* Products */ = {
			isa = PBXGroup;
			children = (
				E82F174222A9BEF900625405 /* WednesdayMyDudes.app */,
				E82F175622A9BF0300625405 /* WednesdayMyDudesTests.xctest */,
				E82F176122A9BF0300625405 /* WednesdayMyDudesUITests.xctest */,
			);
			name = Products;
			sourceTree = "<group>";
		};
		E82F174422A9BEF900625405 /* WednesdayMyDudes */ = {
			isa = PBXGroup;
			children = (
				E82F174522A9BEF900625405 /* AppDelegate.swift */,
				E82F174722A9BEF900625405 /* ViewController.swift */,
				E82F177322A9E2EF00625405 /* UIImage+Gif.swift */,
				E82F174922A9BEF900625405 /* Main.storyboard */,
				E82F174C22A9BF0300625405 /* Assets.xcassets */,
				E82F174E22A9BF0300625405 /* LaunchScreen.storyboard */,
				E82F175122A9BF0300625405 /* Info.plist */,
			);
			path = WednesdayMyDudes;
			sourceTree = "<group>";
		};
		E82F175922A9BF0300625405 /* WednesdayMyDudesTests */ = {
			isa = PBXGroup;
			children = (
				E82F175A22A9BF0300625405 /* WednesdayMyDudesTests.swift */,
				E82F175C22A9BF0300625405 /* Info.plist */,
			);
			path = WednesdayMyDudesTests;
			sourceTree = "<group>";
		};
		E82F176422A9BF0300625405 /* WednesdayMyDudesUITests */ = {
			isa = PBXGroup;
			children = (
				E82F176522A9BF0300625405 /* WednesdayMyDudesUITests.swift */,
				E82F176722A9BF0300625405 /* Info.plist */,
			);
			path = WednesdayMyDudesUITests;
			sourceTree = "<group>";
		};
/* End PBXGroup section */

/* Begin PBXNativeTarget section */
		E82F174122A9BEF900625405 /* WednesdayMyDudes */ = {
			isa = PBXNativeTarget;
			buildConfigurationList = E82F176A22A9BF0300625405 /* Build configuration list for PBXNativeTarget "WednesdayMyDudes" */;
			buildPhases = (
				E82F173E22A9BEF900625405 /* Sources */,
				E82F173F22A9BEF900625405 /* Frameworks */,
				E82F174022A9BEF900625405 /* Resources */,
			);
			buildRules = (
			);
			dependencies = (
			);
			name = WednesdayMyDudes;
			productName = WednesdayMyDudes;
			productReference = E82F174222A9BEF900625405 /* WednesdayMyDudes.app */;
			productType = "com.apple.product-type.application";
		};
		E82F175522A9BF0300625405 /* WednesdayMyDudesTests */ = {
			isa = PBXNativeTarget;
			buildConfigurationList = E82F176D22A9BF0300625405 /* Build configuration list for PBXNativeTarget "WednesdayMyDudesTests" */;
			buildPhases = (
				E82F175222A9BF0300625405 /* Sources */,
				E82F175322A9BF0300625405 /* Frameworks */,
				E82F175422A9BF0300625405 /* Resources */,
			);
			buildRules = (
			);
			dependencies = (
				E82F175822A9BF0300625405 /* PBXTargetDependency */,
			);
			name = WednesdayMyDudesTests;
			productName = WednesdayMyDudesTests;
			productReference = E82F175622A9BF0300625405 /* WednesdayMyDudesTests.xctest */;
			productType = "com.apple.product-type.bundle.unit-test";
		};
		E82F176022A9BF0300625405 /* WednesdayMyDudesUITests */ = {
			isa = PBXNativeTarget;
			buildConfigurationList = E82F177022A9BF0300625405 /* Build configuration list for PBXNativeTarget "WednesdayMyDudesUITests" */;
			buildPhases = (
				E82F175D22A9BF0300625405 /* Sources */,
				E82F175E22A9BF0300625405 /* Frameworks */,
				E82F175F22A9BF0300625405 /* Resources */,
			);
			buildRules = (
			);
			dependencies = (
				E82F176322A9BF0300625405 /* PBXTargetDependency */,
			);
			name = WednesdayMyDudesUITests;
			productName = WednesdayMyDudesUITests;
			productReference = E82F176122A9BF0300625405 /* WednesdayMyDudesUITests.xctest */;
			productType = "com.apple.product-type.bundle.ui-testing";
		};
/* End PBXNativeTarget section */

/* Begin PBXProject section */
		E82F173A22A9BEF800625405 /* Project object */ = {
			isa = PBXProject;
			attributes = {
				LastSwiftUpdateCheck = 1020;
				LastUpgradeCheck = 1020;
				ORGANIZATIONNAME = "Manan Patel";
				TargetAttributes = {
					E82F174122A9BEF900625405 = {
						CreatedOnToolsVersion = 10.2.1;
					};
					E82F175522A9BF0300625405 = {
						CreatedOnToolsVersion = 10.2.1;
						TestTargetID = E82F174122A9BEF900625405;
					};
					E82F176022A9BF0300625405 = {
						CreatedOnToolsVersion = 10.2.1;
						TestTargetID = E82F174122A9BEF900625405;
					};
				};
			};
			buildConfigurationList = E82F173D22A9BEF800625405 /* Build configuration list for PBXProject "WednesdayMyDudes" */;
			compatibilityVersion = "Xcode 9.3";
			developmentRegion = en;
			hasScannedForEncodings = 0;
			knownRegions = (
				en,
				Base,
			);
			mainGroup = E82F173922A9BEF800625405;
			productRefGroup = E82F174322A9BEF900625405 /* Products */;
			projectDirPath = "";
			projectRoot = "";
			targets = (
				E82F174122A9BEF900625405 /* WednesdayMyDudes */,
				E82F175522A9BF0300625405 /* WednesdayMyDudesTests */,
				E82F176022A9BF0300625405 /* WednesdayMyDudesUITests */,
			);
		};
/* End PBXProject section */

/* Begin PBXResourcesBuildPhase section */
		E82F174022A9BEF900625405 /* Resources */ = {
			isa = PBXResourcesBuildPhase;
			buildActionMask = 2147483647;
			files = (
				E82F175022A9BF0300625405 /* LaunchScreen.storyboard in Resources */,
				E82F174D22A9BF0300625405 /* Assets.xcassets in Resources */,
				E82F174B22A9BEF900625405 /* Main.storyboard in Resources */,
			);
			runOnlyForDeploymentPostprocessing = 0;
		};
		E82F175422A9BF0300625405 /* Resources */ = {
			isa = PBXResourcesBuildPhase;
			buildActionMask = 2147483647;
			files = (
			);
			runOnlyForDeploymentPostprocessing = 0;
		};
		E82F175F22A9BF0300625405 /* Resources */ = {
			isa = PBXResourcesBuildPhase;
			buildActionMask = 2147483647;
			files = (
			);
			runOnlyForDeploymentPostprocessing = 0;
		};
/* End PBXResourcesBuildPhase section */

/* Begin PBXSourcesBuildPhase section */
		E82F173E22A9BEF900625405 /* Sources */ = {
			isa = PBXSourcesBuildPhase;
			buildActionMask = 2147483647;
			files = (
				E82F177422A9E2EF00625405 /* UIImage+Gif.swift in Sources */,
				E82F174822A9BEF900625405 /* ViewController.swift in Sources */,
				E82F174622A9BEF900625405 /* AppDelegate.swift in Sources */,
			);
			runOnlyForDeploymentPostprocessing = 0;
		};
		E82F175222A9BF0300625405 /* Sources */ = {
			isa = PBXSourcesBuildPhase;
			buildActionMask = 2147483647;
			files = (
				E82F175B22A9BF0300625405 /* WednesdayMyDudesTests.swift in Sources */,
			);
			runOnlyForDeploymentPostprocessing = 0;
		};
		E82F175D22A9BF0300625405 /* Sources */ = {
			isa = PBXSourcesBuildPhase;
			buildActionMask = 2147483647;
			files = (
				E82F176622A9BF0300625405 /* WednesdayMyDudesUITests.swift in Sources */,
			);
			runOnlyForDeploymentPostprocessing = 0;
		};
/* End PBXSourcesBuildPhase section */

/* Begin PBXTargetDependency section */
		E82F175822A9BF0300625405 /* PBXTargetDependency */ = {
			isa = PBXTargetDependency;
			target = E82F174122A9BEF900625405 /* WednesdayMyDudes */;
			targetProxy = E82F175722A9BF0300625405 /* PBXContainerItemProxy */;
		};
		E82F176322A9BF0300625405 /* PBXTargetDependency */ = {
			isa = PBXTargetDependency;
			target = E82F174122A9BEF900625405 /* WednesdayMyDudes */;
			targetProxy = E82F176222A9BF0300625405 /* PBXContainerItemProxy */;
		};
/* End PBXTargetDependency section */

/* Begin PBXVariantGroup section */
		E82F174922A9BEF900625405 /* Main.storyboard */ = {
			isa = PBXVariantGroup;
			children = (
				E82F174A22A9BEF900625405 /* Base */,
			);
			name = Main.storyboard;
			sourceTree = "<group>";
		};
		E82F174E22A9BF0300625405 /* LaunchScreen.storyboard */ = {
			isa = PBXVariantGroup;
			children = (
				E82F174F22A9BF0300625405 /* Base */,
			);
			name = LaunchScreen.storyboard;
			sourceTree = "<group>";
		};
/* End PBXVariantGroup section */

/* Begin XCBuildConfiguration section */
		E82F176822A9BF0300625405 /* Debug */ = {
			isa = XCBuildConfiguration;
			buildSettings = {
				ALWAYS_SEARCH_USER_PATHS = NO;
				CLANG_ANALYZER_NONNULL = YES;
				CLANG_ANALYZER_NUMBER_OBJECT_CONVERSION = YES_AGGRESSIVE;
				CLANG_CXX_LANGUAGE_STANDARD = "gnu++14";
				CLANG_CXX_LIBRARY = "libc++";
				CLANG_ENABLE_MODULES = YES;
				CLANG_ENABLE_OBJC_ARC = YES;
				CLANG_ENABLE_OBJC_WEAK = YES;
				CLANG_WARN_BLOCK_CAPTURE_AUTORELEASING = YES;
				CLANG_WARN_BOOL_CONVERSION = YES;
				CLANG_WARN_COMMA = YES;
				CLANG_WARN_CONSTANT_CONVERSION = YES;
				CLANG_WARN_DEPRECATED_OBJC_IMPLEMENTATIONS = YES;
				CLANG_WARN_DIRECT_OBJC_ISA_USAGE = YES_ERROR;
				CLANG_WARN_DOCUMENTATION_COMMENTS = YES;
				CLANG_WARN_EMPTY_BODY = YES;
				CLANG_WARN_ENUM_CONVERSION = YES;
				CLANG_WARN_INFINITE_RECURSION = YES;
				CLANG_WARN_INT_CONVERSION = YES;
				CLANG_WARN_NON_LITERAL_NULL_CONVERSION = YES;
				CLANG_WARN_OBJC_IMPLICIT_RETAIN_SELF = YES;
				CLANG_WARN_OBJC_LITERAL_CONVERSION = YES;
				CLANG_WARN_OBJC_ROOT_CLASS = YES_ERROR;
				CLANG_WARN_RANGE_LOOP_ANALYSIS = YES;
				CLANG_WARN_STRICT_PROTOTYPES = YES;
				CLANG_WARN_SUSPICIOUS_MOVE = YES;
				CLANG_WARN_UNGUARDED_AVAILABILITY = YES_AGGRESSIVE;
				CLANG_WARN_UNREACHABLE_CODE = YES;
				CLANG_WARN__DUPLICATE_METHOD_MATCH = YES;
				CODE_SIGN_IDENTITY = "iPhone Developer";
				COPY_PHASE_STRIP = NO;
				DEBUG_INFORMATION_FORMAT = dwarf;
				ENABLE_STRICT_OBJC_MSGSEND = YES;
				ENABLE_TESTABILITY = YES;
				GCC_C_LANGUAGE_STANDARD = gnu11;
				GCC_DYNAMIC_NO_PIC = NO;
				GCC_NO_COMMON_BLOCKS = YES;
				GCC_OPTIMIZATION_LEVEL = 0;
				GCC_PREPROCESSOR_DEFINITIONS = (
					"DEBUG=1",
					"$(inherited)",
				);
				GCC_WARN_64_TO_32_BIT_CONVERSION = YES;
				GCC_WARN_ABOUT_RETURN_TYPE = YES_ERROR;
				GCC_WARN_UNDECLARED_SELECTOR = YES;
				GCC_WARN_UNINITIALIZED_AUTOS = YES_AGGRESSIVE;
				GCC_WARN_UNUSED_FUNCTION = YES;
				GCC_WARN_UNUSED_VARIABLE = YES;
				IPHONEOS_DEPLOYMENT_TARGET = 12.2;
				MTL_ENABLE_DEBUG_INFO = INCLUDE_SOURCE;
				MTL_FAST_MATH = YES;
				ONLY_ACTIVE_ARCH = YES;
				SDKROOT = iphoneos;
				SWIFT_ACTIVE_COMPILATION_CONDITIONS = DEBUG;
				SWIFT_OPTIMIZATION_LEVEL = "-Onone";
			};
			name = Debug;
		};
		E82F176922A9BF0300625405 /* Release */ = {
			isa = XCBuildConfiguration;
			buildSettings = {
				ALWAYS_SEARCH_USER_PATHS = NO;
				CLANG_ANALYZER_NONNULL = YES;
				CLANG_ANALYZER_NUMBER_OBJECT_CONVERSION = YES_AGGRESSIVE;
				CLANG_CXX_LANGUAGE_STANDARD = "gnu++14";
				CLANG_CXX_LIBRARY = "libc++";
				CLANG_ENABLE_MODULES = YES;
				CLANG_ENABLE_OBJC_ARC = YES;
				CLANG_ENABLE_OBJC_WEAK = YES;
				CLANG_WARN_BLOCK_CAPTURE_AUTORELEASING = YES;
				CLANG_WARN_BOOL_CONVERSION = YES;
				CLANG_WARN_COMMA = YES;
				CLANG_WARN_CONSTANT_CONVERSION = YES;
				CLANG_WARN_DEPRECATED_OBJC_IMPLEMENTATIONS = YES;
				CLANG_WARN_DIRECT_OBJC_ISA_USAGE = YES_ERROR;
				CLANG_WARN_DOCUMENTATION_COMMENTS = YES;
				CLANG_WARN_EMPTY_BODY = YES;
				CLANG_WARN_ENUM_CONVERSION = YES;
				CLANG_WARN_INFINITE_RECURSION = YES;
				CLANG_WARN_INT_CONVERSION = YES;
				CLANG_WARN_NON_LITERAL_NULL_CONVERSION = YES;
				CLANG_WARN_OBJC_IMPLICIT_RETAIN_SELF = YES;
				CLANG_WARN_OBJC_LITERAL_CONVERSION = YES;
				CLANG_WARN_OBJC_ROOT_CLASS = YES_ERROR;
				CLANG_WARN_RANGE_LOOP_ANALYSIS = YES;
				CLANG_WARN_STRICT_PROTOTYPES = YES;
				CLANG_WARN_SUSPICIOUS_MOVE = YES;
				CLANG_WARN_UNGUARDED_AVAILABILITY = YES_AGGRESSIVE;
				CLANG_WARN_UNREACHABLE_CODE = YES;
				CLANG_WARN__DUPLICATE_METHOD_MATCH = YES;
				CODE_SIGN_IDENTITY = "iPhone Developer";
				COPY_PHASE_STRIP = NO;
				DEBUG_INFORMATION_FORMAT = "dwarf-with-dsym";
				ENABLE_NS_ASSERTIONS = NO;
				ENABLE_STRICT_OBJC_MSGSEND = YES;
				GCC_C_LANGUAGE_STANDARD = gnu11;
				GCC_NO_COMMON_BLOCKS = YES;
				GCC_WARN_64_TO_32_BIT_CONVERSION = YES;
				GCC_WARN_ABOUT_RETURN_TYPE = YES_ERROR;
				GCC_WARN_UNDECLARED_SELECTOR = YES;
				GCC_WARN_UNINITIALIZED_AUTOS = YES_AGGRESSIVE;
				GCC_WARN_UNUSED_FUNCTION = YES;
				GCC_WARN_UNUSED_VARIABLE = YES;
				IPHONEOS_DEPLOYMENT_TARGET = 12.2;
				MTL_ENABLE_DEBUG_INFO = NO;
				MTL_FAST_MATH = YES;
				SDKROOT = iphoneos;
				SWIFT_COMPILATION_MODE = wholemodule;
				SWIFT_OPTIMIZATION_LEVEL = "-O";
				VALIDATE_PRODUCT = YES;
			};
			name = Release;
		};
		E82F176B22A9BF0300625405 /* Debug */ = {
			isa = XCBuildConfiguration;
			buildSettings = {
				ASSETCATALOG_COMPILER_APPICON_NAME = AppIcon;
				CODE_SIGN_STYLE = Automatic;
				INFOPLIST_FILE = WednesdayMyDudes/Info.plist;
				LD_RUNPATH_SEARCH_PATHS = (
					"$(inherited)",
					"@executable_path/Frameworks",
				);
				PRODUCT_BUNDLE_IDENTIFIER = MananPatel95.WednesdayMyDudes;
				PRODUCT_NAME = "$(TARGET_NAME)";
				SWIFT_VERSION = 5.0;
				TARGETED_DEVICE_FAMILY = "1,2";
			};
			name = Debug;
		};
		E82F176C22A9BF0300625405 /* Release */ = {
			isa = XCBuildConfiguration;
			buildSettings = {
				ASSETCATALOG_COMPILER_APPICON_NAME = AppIcon;
				CODE_SIGN_STYLE = Automatic;
				INFOPLIST_FILE = WednesdayMyDudes/Info.plist;
				LD_RUNPATH_SEARCH_PATHS = (
					"$(inherited)",
					"@executable_path/Frameworks",
				);
				PRODUCT_BUNDLE_IDENTIFIER = MananPatel95.WednesdayMyDudes;
				PRODUCT_NAME = "$(TARGET_NAME)";
				SWIFT_VERSION = 5.0;
				TARGETED_DEVICE_FAMILY = "1,2";
			};
			name = Release;
		};
		E82F176E22A9BF0300625405 /* Debug */ = {
			isa = XCBuildConfiguration;
			buildSettings = {
				ALWAYS_EMBED_SWIFT_STANDARD_LIBRARIES = YES;
				BUNDLE_LOADER = "$(TEST_HOST)";
				CODE_SIGN_STYLE = Automatic;
				INFOPLIST_FILE = WednesdayMyDudesTests/Info.plist;
				LD_RUNPATH_SEARCH_PATHS = (
					"$(inherited)",
					"@executable_path/Frameworks",
					"@loader_path/Frameworks",
				);
				PRODUCT_BUNDLE_IDENTIFIER = MananPatel95.WednesdayMyDudesTests;
				PRODUCT_NAME = "$(TARGET_NAME)";
				SWIFT_VERSION = 5.0;
				TARGETED_DEVICE_FAMILY = "1,2";
				TEST_HOST = "$(BUILT_PRODUCTS_DIR)/WednesdayMyDudes.app/WednesdayMyDudes";
			};
			name = Debug;
		};
		E82F176F22A9BF0300625405 /* Release */ = {
			isa = XCBuildConfiguration;
			buildSettings = {
				ALWAYS_EMBED_SWIFT_STANDARD_LIBRARIES = YES;
				BUNDLE_LOADER = "$(TEST_HOST)";
				CODE_SIGN_STYLE = Automatic;
				INFOPLIST_FILE = WednesdayMyDudesTests/Info.plist;
				LD_RUNPATH_SEARCH_PATHS = (
					"$(inherited)",
					"@executable_path/Frameworks",
					"@loader_path/Frameworks",
				);
				PRODUCT_BUNDLE_IDENTIFIER = MananPatel95.WednesdayMyDudesTests;
				PRODUCT_NAME = "$(TARGET_NAME)";
				SWIFT_VERSION = 5.0;
				TARGETED_DEVICE_FAMILY = "1,2";
				TEST_HOST = "$(BUILT_PRODUCTS_DIR)/WednesdayMyDudes.app/WednesdayMyDudes";
			};
			name = Release;
		};
		E82F177122A9BF0300625405 /* Debug */ = {
			isa = XCBuildConfiguration;
			buildSettings = {
				ALWAYS_EMBED_SWIFT_STANDARD_LIBRARIES = YES;
				CODE_SIGN_STYLE = Automatic;
				INFOPLIST_FILE = WednesdayMyDudesUITests/Info.plist;
				LD_RUNPATH_SEARCH_PATHS = (
					"$(inherited)",
					"@executable_path/Frameworks",
					"@loader_path/Frameworks",
				);
				PRODUCT_BUNDLE_IDENTIFIER = MananPatel95.WednesdayMyDudesUITests;
				PRODUCT_NAME = "$(TARGET_NAME)";
				SWIFT_VERSION = 5.0;
				TARGETED_DEVICE_FAMILY = "1,2";
				TEST_TARGET_NAME = WednesdayMyDudes;
			};
			name = Debug;
		};
		E82F177222A9BF0300625405 /* Release */ = {
			isa = XCBuildConfiguration;
			buildSettings = {
				ALWAYS_EMBED_SWIFT_STANDARD_LIBRARIES = YES;
				CODE_SIGN_STYLE = Automatic;
				INFOPLIST_FILE = WednesdayMyDudesUITests/Info.plist;
				LD_RUNPATH_SEARCH_PATHS = (
					"$(inherited)",
					"@executable_path/Frameworks",
					"@loader_path/Frameworks",
				);
				PRODUCT_BUNDLE_IDENTIFIER = MananPatel95.WednesdayMyDudesUITests;
				PRODUCT_NAME = "$(TARGET_NAME)";
				SWIFT_VERSION = 5.0;
				TARGETED_DEVICE_FAMILY = "1,2";
				TEST_TARGET_NAME = WednesdayMyDudes;
			};
			name = Release;
		};
/* End XCBuildConfiguration section */

/* Begin XCConfigurationList section */
		E82F173D22A9BEF800625405 /* Build configuration list for PBXProject "WednesdayMyDudes" */ = {
			isa = XCConfigurationList;
			buildConfigurations = (
				E82F176822A9BF0300625405 /* Debug */,
				E82F176922A9BF0300625405 /* Release */,
			);
			defaultConfigurationIsVisible = 0;
			defaultConfigurationName = Release;
		};
		E82F176A22A9BF0300625405 /* Build configuration list for PBXNativeTarget "WednesdayMyDudes" */ = {
			isa = XCConfigurationList;
			buildConfigurations = (
				E82F176B22A9BF0300625405 /* Debug */,
				E82F176C22A9BF0300625405 /* Release */,
			);
			defaultConfigurationIsVisible = 0;
			defaultConfigurationName = Release;
		};
		E82F176D22A9BF0300625405 /* Build configuration list for PBXNativeTarget "WednesdayMyDudesTests" */ = {
			isa = XCConfigurationList;
			buildConfigurations = (
				E82F176E22A9BF0300625405 /* Debug */,
				E82F176F22A9BF0300625405 /* Release */,
			);
			defaultConfigurationIsVisible = 0;
			defaultConfigurationName = Release;
		};
		E82F177022A9BF0300625405 /* Build configuration list for PBXNativeTarget "WednesdayMyDudesUITests" */ = {
			isa = XCConfigurationList;
			buildConfigurations = (
				E82F177122A9BF0300625405 /* Debug */,
				E82F177222A9BF0300625405 /* Release */,
			);
			defaultConfigurationIsVisible = 0;
			defaultConfigurationName = Release;
		};
/* End XCConfigurationList section */
	};
	rootObject = E82F173A22A9BEF800625405 /* Project object */;
}
